
Microsoft Visual Studio Solution File, Format Version 12.00
# Visual Studio 15
VisualStudioVersion = 15.0.28307.902
MinimumVisualStudioVersion = 10.0.40219.1
Project("{FAE04EC0-301F-11D3-BF4B-00C04F79EFBC}") = "PiramitSayilar", "WindowsFormsApp1\PiramitSayilar.csproj", "{DF04DB24-037A-456C-8FAA-23DFCBAF4EBE}"
EndProject
Global
	GlobalSection(SolutionConfigurationPlatforms) = preSolution
		Debug|Any CPU = Debug|Any CPU
		Release|Any CPU = Release|Any CPU
	EndGlobalSection
	GlobalSection(ProjectConfigurationPlatforms) = postSolution
		{DF04DB24-037A-456C-8FAA-23DFCBAF4EBE}.Debug|Any CPU.ActiveCfg = Debug|Any CPU
		{DF04DB24-037A-456C-8FAA-23DFCBAF4EBE}.Debug|Any CPU.Build.0 = Debug|Any CPU
		{DF04DB24-037A-456C-8FAA-23DFCBAF4EBE}.Release|Any CPU.ActiveCfg = Release|Any CPU
		{DF04DB24-037A-456C-8FAA-23DFCBAF4EBE}.Release|Any CPU.Build.0 = Release|Any CPU
	EndGlobalSection
	GlobalSection(SolutionProperties) = preSolution
		HideSolutionNode = FALSE
	EndGlobalSection
	GlobalSection(ExtensibilityGlobals) = postSolution
		SolutionGuid = {7B6C45AF-8474-415A-BF95-7800E843D4C4}
	EndGlobalSection
EndGlobal
