
Microsoft Visual Studio Solution File, Format Version 12.00
# Visual Studio 15
VisualStudioVersion = 15.0.28307.902
MinimumVisualStudioVersion = 10.0.40219.1
Project("{FAE04EC0-301F-11D3-BF4B-00C04F79EFBC}") = "ConsoleHelloWorld", "ConsoleHelloWorld\ConsoleHelloWorld.csproj", "{32FF3D5E-BCED-4A54-BC43-D12724059841}"
EndProject
Global
	GlobalSection(SolutionConfigurationPlatforms) = preSolution
		Debug|Any CPU = Debug|Any CPU
		Release|Any CPU = Release|Any CPU
	EndGlobalSection
	GlobalSection(ProjectConfigurationPlatforms) = postSolution
		{32FF3D5E-BCED-4A54-BC43-D12724059841}.Debug|Any CPU.ActiveCfg = Debug|Any CPU
		{32FF3D5E-BCED-4A54-BC43-D12724059841}.Debug|Any CPU.Build.0 = Debug|Any CPU
		{32FF3D5E-BCED-4A54-BC43-D12724059841}.Release|Any CPU.ActiveCfg = Release|Any CPU
		{32FF3D5E-BCED-4A54-BC43-D12724059841}.Release|Any CPU.Build.0 = Release|Any CPU
	EndGlobalSection
	GlobalSection(SolutionProperties) = preSolution
		HideSolutionNode = FALSE
	EndGlobalSection
	GlobalSection(ExtensibilityGlobals) = postSolution
		SolutionGuid = {BFF7AB4F-D9E0-41D7-AF12-4FB837D6CE8C}
	EndGlobalSection
EndGlobal
