
Microsoft Visual Studio Solution File, Format Version 12.00
# Visual Studio 15
VisualStudioVersion = 15.0.28307.902
MinimumVisualStudioVersion = 10.0.40219.1
Project("{9A19103F-16F7-4668-BE54-9A1E7A4F7556}") = "Console_BankaFaiz", "Console_BankaFaiz\Console_BankaFaiz.csproj", "{C73FE3E1-C137-4E46-8DFA-5094B4CDC886}"
EndProject
Global
	GlobalSection(SolutionConfigurationPlatforms) = preSolution
		Debug|Any CPU = Debug|Any CPU
		Release|Any CPU = Release|Any CPU
	EndGlobalSection
	GlobalSection(ProjectConfigurationPlatforms) = postSolution
		{C73FE3E1-C137-4E46-8DFA-5094B4CDC886}.Debug|Any CPU.ActiveCfg = Debug|Any CPU
		{C73FE3E1-C137-4E46-8DFA-5094B4CDC886}.Debug|Any CPU.Build.0 = Debug|Any CPU
		{C73FE3E1-C137-4E46-8DFA-5094B4CDC886}.Release|Any CPU.ActiveCfg = Release|Any CPU
		{C73FE3E1-C137-4E46-8DFA-5094B4CDC886}.Release|Any CPU.Build.0 = Release|Any CPU
	EndGlobalSection
	GlobalSection(SolutionProperties) = preSolution
		HideSolutionNode = FALSE
	EndGlobalSection
	GlobalSection(ExtensibilityGlobals) = postSolution
		SolutionGuid = {614E00F2-72BF-4105-93A0-78198433AFA8}
	EndGlobalSection
EndGlobal
