
Microsoft Visual Studio Solution File, Format Version 12.00
# Visual Studio 15
VisualStudioVersion = 15.0.28307.960
MinimumVisualStudioVersion = 10.0.40219.1
Project("{FAE04EC0-301F-11D3-BF4B-00C04F79EFBC}") = "ConsoleAppWord", "ConsoleAppWord\ConsoleAppWord.csproj", "{6B6D53C8-91EC-4A47-9852-8A9D2C7A4DED}"
EndProject
Global
	GlobalSection(SolutionConfigurationPlatforms) = preSolution
		Debug|Any CPU = Debug|Any CPU
		Release|Any CPU = Release|Any CPU
	EndGlobalSection
	GlobalSection(ProjectConfigurationPlatforms) = postSolution
		{6B6D53C8-91EC-4A47-9852-8A9D2C7A4DED}.Debug|Any CPU.ActiveCfg = Debug|Any CPU
		{6B6D53C8-91EC-4A47-9852-8A9D2C7A4DED}.Debug|Any CPU.Build.0 = Debug|Any CPU
		{6B6D53C8-91EC-4A47-9852-8A9D2C7A4DED}.Release|Any CPU.ActiveCfg = Release|Any CPU
		{6B6D53C8-91EC-4A47-9852-8A9D2C7A4DED}.Release|Any CPU.Build.0 = Release|Any CPU
	EndGlobalSection
	GlobalSection(SolutionProperties) = preSolution
		HideSolutionNode = FALSE
	EndGlobalSection
	GlobalSection(ExtensibilityGlobals) = postSolution
		SolutionGuid = {799E5A3F-B438-44F0-BE65-5A16E6DD4B9B}
	EndGlobalSection
EndGlobal
