
Microsoft Visual Studio Solution File, Format Version 12.00
# Visual Studio 15
VisualStudioVersion = 15.0.28307.960
MinimumVisualStudioVersion = 10.0.40219.1
Project("{FAE04EC0-301F-11D3-BF4B-00C04F79EFBC}") = "ConsoleAppWord_Database", "ConsoleAppWord_Database\ConsoleAppWord_Database.csproj", "{8FC99028-5249-44CD-BD8D-C4B2917DF5DB}"
EndProject
Project("{FAE04EC0-301F-11D3-BF4B-00C04F79EFBC}") = "ConsoleAppWord_Entity", "ConsoleAppWord_Entity\ConsoleAppWord_Entity.csproj", "{30794DE9-5BEF-4976-A90E-571DA2032D57}"
EndProject
Project("{FAE04EC0-301F-11D3-BF4B-00C04F79EFBC}") = "ConsoleAppWord_Maker", "ConsoleAppWord_Maker\ConsoleAppWord_Maker.csproj", "{5F3FA60C-B4EF-4336-BCC0-B690E00B2A36}"
EndProject
Project("{FAE04EC0-301F-11D3-BF4B-00C04F79EFBC}") = "ConsoleAppWord_Score", "ConsoleAppWord_Score\ConsoleAppWord_Score.csproj", "{CD53F1E3-1B79-46BD-8676-568361EECADF}"
EndProject
Project("{FAE04EC0-301F-11D3-BF4B-00C04F79EFBC}") = "ConsoleAppWord_Sort", "ConsoleAppWord_Sort\ConsoleAppWord_Sort.csproj", "{7118C1CA-1205-4902-8C3E-CC11AEFFB787}"
EndProject
Project("{FAE04EC0-301F-11D3-BF4B-00C04F79EFBC}") = "ConsoleAppWord", "ConsoleAppWord\ConsoleAppWord.csproj", "{F1FDDC29-ED3E-4BF9-BFB3-D833C2DFBDCB}"
EndProject
Project("{FAE04EC0-301F-11D3-BF4B-00C04F79EFBC}") = "ConsoleAppWord_Compare", "ConsoleAppWord_Compare\ConsoleAppWord_Compare.csproj", "{5CFAE7D3-D3E2-4C66-B57E-1C324AE6B117}"
EndProject
Global
	GlobalSection(SolutionConfigurationPlatforms) = preSolution
		Debug|Any CPU = Debug|Any CPU
		Release|Any CPU = Release|Any CPU
	EndGlobalSection
	GlobalSection(ProjectConfigurationPlatforms) = postSolution
		{8FC99028-5249-44CD-BD8D-C4B2917DF5DB}.Debug|Any CPU.ActiveCfg = Debug|Any CPU
		{8FC99028-5249-44CD-BD8D-C4B2917DF5DB}.Debug|Any CPU.Build.0 = Debug|Any CPU
		{8FC99028-5249-44CD-BD8D-C4B2917DF5DB}.Release|Any CPU.ActiveCfg = Release|Any CPU
		{8FC99028-5249-44CD-BD8D-C4B2917DF5DB}.Release|Any CPU.Build.0 = Release|Any CPU
		{30794DE9-5BEF-4976-A90E-571DA2032D57}.Debug|Any CPU.ActiveCfg = Debug|Any CPU
		{30794DE9-5BEF-4976-A90E-571DA2032D57}.Debug|Any CPU.Build.0 = Debug|Any CPU
		{30794DE9-5BEF-4976-A90E-571DA2032D57}.Release|Any CPU.ActiveCfg = Release|Any CPU
		{30794DE9-5BEF-4976-A90E-571DA2032D57}.Release|Any CPU.Build.0 = Release|Any CPU
		{5F3FA60C-B4EF-4336-BCC0-B690E00B2A36}.Debug|Any CPU.ActiveCfg = Debug|Any CPU
		{5F3FA60C-B4EF-4336-BCC0-B690E00B2A36}.Debug|Any CPU.Build.0 = Debug|Any CPU
		{5F3FA60C-B4EF-4336-BCC0-B690E00B2A36}.Release|Any CPU.ActiveCfg = Release|Any CPU
		{5F3FA60C-B4EF-4336-BCC0-B690E00B2A36}.Release|Any CPU.Build.0 = Release|Any CPU
		{CD53F1E3-1B79-46BD-8676-568361EECADF}.Debug|Any CPU.ActiveCfg = Debug|Any CPU
		{CD53F1E3-1B79-46BD-8676-568361EECADF}.Debug|Any CPU.Build.0 = Debug|Any CPU
		{CD53F1E3-1B79-46BD-8676-568361EECADF}.Release|Any CPU.ActiveCfg = Release|Any CPU
		{CD53F1E3-1B79-46BD-8676-568361EECADF}.Release|Any CPU.Build.0 = Release|Any CPU
		{7118C1CA-1205-4902-8C3E-CC11AEFFB787}.Debug|Any CPU.ActiveCfg = Debug|Any CPU
		{7118C1CA-1205-4902-8C3E-CC11AEFFB787}.Debug|Any CPU.Build.0 = Debug|Any CPU
		{7118C1CA-1205-4902-8C3E-CC11AEFFB787}.Release|Any CPU.ActiveCfg = Release|Any CPU
		{7118C1CA-1205-4902-8C3E-CC11AEFFB787}.Release|Any CPU.Build.0 = Release|Any CPU
		{F1FDDC29-ED3E-4BF9-BFB3-D833C2DFBDCB}.Debug|Any CPU.ActiveCfg = Debug|Any CPU
		{F1FDDC29-ED3E-4BF9-BFB3-D833C2DFBDCB}.Debug|Any CPU.Build.0 = Debug|Any CPU
		{F1FDDC29-ED3E-4BF9-BFB3-D833C2DFBDCB}.Release|Any CPU.ActiveCfg = Release|Any CPU
		{F1FDDC29-ED3E-4BF9-BFB3-D833C2DFBDCB}.Release|Any CPU.Build.0 = Release|Any CPU
		{5CFAE7D3-D3E2-4C66-B57E-1C324AE6B117}.Debug|Any CPU.ActiveCfg = Debug|Any CPU
		{5CFAE7D3-D3E2-4C66-B57E-1C324AE6B117}.Debug|Any CPU.Build.0 = Debug|Any CPU
		{5CFAE7D3-D3E2-4C66-B57E-1C324AE6B117}.Release|Any CPU.ActiveCfg = Release|Any CPU
		{5CFAE7D3-D3E2-4C66-B57E-1C324AE6B117}.Release|Any CPU.Build.0 = Release|Any CPU
	EndGlobalSection
	GlobalSection(SolutionProperties) = preSolution
		HideSolutionNode = FALSE
	EndGlobalSection
	GlobalSection(ExtensibilityGlobals) = postSolution
		SolutionGuid = {BD558DDE-2C65-45C1-8594-E1BB909775FD}
	EndGlobalSection
EndGlobal
