
Microsoft Visual Studio Solution File, Format Version 12.00
# Visual Studio 15
VisualStudioVersion = 15.0.28307.902
MinimumVisualStudioVersion = 10.0.40219.1
Project("{FAE04EC0-301F-11D3-BF4B-00C04F79EFBC}") = "ScrumBoard", "ScrumBoard\ScrumBoard.csproj", "{CE0B137E-51C6-43FB-BA19-2539D4055918}"
EndProject
Global
	GlobalSection(SolutionConfigurationPlatforms) = preSolution
		Debug|Any CPU = Debug|Any CPU
		Release|Any CPU = Release|Any CPU
	EndGlobalSection
	GlobalSection(ProjectConfigurationPlatforms) = postSolution
		{CE0B137E-51C6-43FB-BA19-2539D4055918}.Debug|Any CPU.ActiveCfg = Debug|Any CPU
		{CE0B137E-51C6-43FB-BA19-2539D4055918}.Debug|Any CPU.Build.0 = Debug|Any CPU
		{CE0B137E-51C6-43FB-BA19-2539D4055918}.Release|Any CPU.ActiveCfg = Release|Any CPU
		{CE0B137E-51C6-43FB-BA19-2539D4055918}.Release|Any CPU.Build.0 = Release|Any CPU
	EndGlobalSection
	GlobalSection(SolutionProperties) = preSolution
		HideSolutionNode = FALSE
	EndGlobalSection
	GlobalSection(ExtensibilityGlobals) = postSolution
		SolutionGuid = {6DE6495C-5532-49B6-8FF7-6574EF7F83A7}
	EndGlobalSection
EndGlobal
