
Microsoft Visual Studio Solution File, Format Version 12.00
# Visual Studio 15
VisualStudioVersion = 15.0.28307.902
MinimumVisualStudioVersion = 10.0.40219.1
Project("{FAE04EC0-301F-11D3-BF4B-00C04F79EFBC}") = "ImageSatrancTahtasi", "ImageSatrancTahtasi\ImageSatrancTahtasi.csproj", "{94BB7CB5-C55F-446F-827B-309901E053AB}"
EndProject
Global
	GlobalSection(SolutionConfigurationPlatforms) = preSolution
		Debug|Any CPU = Debug|Any CPU
		Release|Any CPU = Release|Any CPU
	EndGlobalSection
	GlobalSection(ProjectConfigurationPlatforms) = postSolution
		{94BB7CB5-C55F-446F-827B-309901E053AB}.Debug|Any CPU.ActiveCfg = Debug|Any CPU
		{94BB7CB5-C55F-446F-827B-309901E053AB}.Debug|Any CPU.Build.0 = Debug|Any CPU
		{94BB7CB5-C55F-446F-827B-309901E053AB}.Release|Any CPU.ActiveCfg = Release|Any CPU
		{94BB7CB5-C55F-446F-827B-309901E053AB}.Release|Any CPU.Build.0 = Release|Any CPU
	EndGlobalSection
	GlobalSection(SolutionProperties) = preSolution
		HideSolutionNode = FALSE
	EndGlobalSection
	GlobalSection(ExtensibilityGlobals) = postSolution
		SolutionGuid = {046FC1D4-BCE2-496D-A488-00B178875A8E}
	EndGlobalSection
EndGlobal
