
Microsoft Visual Studio Solution File, Format Version 12.00
# Visual Studio 15
VisualStudioVersion = 15.0.28307.960
MinimumVisualStudioVersion = 10.0.40219.1
Project("{FAE04EC0-301F-11D3-BF4B-00C04F79EFBC}") = "ProjectStar", "ProjectStar\ProjectStar.csproj", "{7BE4E0AA-C0BF-4AA6-B4A1-CA94D94FF01E}"
EndProject
Global
	GlobalSection(SolutionConfigurationPlatforms) = preSolution
		Debug|Any CPU = Debug|Any CPU
		Release|Any CPU = Release|Any CPU
	EndGlobalSection
	GlobalSection(ProjectConfigurationPlatforms) = postSolution
		{7BE4E0AA-C0BF-4AA6-B4A1-CA94D94FF01E}.Debug|Any CPU.ActiveCfg = Debug|Any CPU
		{7BE4E0AA-C0BF-4AA6-B4A1-CA94D94FF01E}.Debug|Any CPU.Build.0 = Debug|Any CPU
		{7BE4E0AA-C0BF-4AA6-B4A1-CA94D94FF01E}.Release|Any CPU.ActiveCfg = Release|Any CPU
		{7BE4E0AA-C0BF-4AA6-B4A1-CA94D94FF01E}.Release|Any CPU.Build.0 = Release|Any CPU
	EndGlobalSection
	GlobalSection(SolutionProperties) = preSolution
		HideSolutionNode = FALSE
	EndGlobalSection
	GlobalSection(ExtensibilityGlobals) = postSolution
		SolutionGuid = {C59C7755-1923-435D-A955-CCBB5EB0C7A2}
	EndGlobalSection
EndGlobal
