
Microsoft Visual Studio Solution File, Format Version 12.00
# Visual Studio 15
VisualStudioVersion = 15.0.28307.902
MinimumVisualStudioVersion = 10.0.40219.1
Project("{FAE04EC0-301F-11D3-BF4B-00C04F79EFBC}") = "_13_MayinTarlasi", "_13_MayinTarlasi.csproj", "{BDFF8A1E-4CEE-4804-B823-08D1BD439822}"
EndProject
Global
	GlobalSection(SolutionConfigurationPlatforms) = preSolution
		Debug|Any CPU = Debug|Any CPU
		Release|Any CPU = Release|Any CPU
	EndGlobalSection
	GlobalSection(ProjectConfigurationPlatforms) = postSolution
		{BDFF8A1E-4CEE-4804-B823-08D1BD439822}.Debug|Any CPU.ActiveCfg = Debug|Any CPU
		{BDFF8A1E-4CEE-4804-B823-08D1BD439822}.Debug|Any CPU.Build.0 = Debug|Any CPU
		{BDFF8A1E-4CEE-4804-B823-08D1BD439822}.Release|Any CPU.ActiveCfg = Release|Any CPU
		{BDFF8A1E-4CEE-4804-B823-08D1BD439822}.Release|Any CPU.Build.0 = Release|Any CPU
	EndGlobalSection
	GlobalSection(SolutionProperties) = preSolution
		HideSolutionNode = FALSE
	EndGlobalSection
	GlobalSection(ExtensibilityGlobals) = postSolution
		SolutionGuid = {CA8D8863-A70C-482C-B5EC-4A5C08EDCA54}
	EndGlobalSection
EndGlobal
