
Microsoft Visual Studio Solution File, Format Version 12.00
# Visual Studio 15
VisualStudioVersion = 15.0.28307.902
MinimumVisualStudioVersion = 10.0.40219.1
Project("{FAE04EC0-301F-11D3-BF4B-00C04F79EFBC}") = "BubbleScreenServer", "BubbleScreenServer\BubbleScreenServer.csproj", "{16C5EA60-5494-4DD2-98E6-3323021AD49F}"
EndProject
Global
	GlobalSection(SolutionConfigurationPlatforms) = preSolution
		Debug|Any CPU = Debug|Any CPU
		Release|Any CPU = Release|Any CPU
	EndGlobalSection
	GlobalSection(ProjectConfigurationPlatforms) = postSolution
		{16C5EA60-5494-4DD2-98E6-3323021AD49F}.Debug|Any CPU.ActiveCfg = Debug|Any CPU
		{16C5EA60-5494-4DD2-98E6-3323021AD49F}.Debug|Any CPU.Build.0 = Debug|Any CPU
		{16C5EA60-5494-4DD2-98E6-3323021AD49F}.Release|Any CPU.ActiveCfg = Release|Any CPU
		{16C5EA60-5494-4DD2-98E6-3323021AD49F}.Release|Any CPU.Build.0 = Release|Any CPU
	EndGlobalSection
	GlobalSection(SolutionProperties) = preSolution
		HideSolutionNode = FALSE
	EndGlobalSection
	GlobalSection(ExtensibilityGlobals) = postSolution
		SolutionGuid = {E9D5C4B4-B8C7-474E-9CB3-8144D4B33D97}
	EndGlobalSection
EndGlobal
